
Microsoft Visual Studio Solution File, Format Version 12.00
Project("{FAE04EC0-301F-11D3-BF4B-00C04F79EFBC}") = "ConfigBroker.Server", "ConfigBroker.Server\ConfigBroker.Server.csproj", "{D9D68A08-228A-42D4-A9A2-25AEAE00890C}"
EndProject
Project("{FAE04EC0-301F-11D3-BF4B-00C04F79EFBC}") = "ConfigBroker.Server.Models.Database", "ConfigBroker.Server.Models.Database\ConfigBroker.Server.Models.Database.csproj", "{EE57C998-3010-456E-91AE-064FB9CDE88E}"
EndProject
Global
	GlobalSection(SolutionConfigurationPlatforms) = preSolution
		Debug|Any CPU = Debug|Any CPU
		Release|Any CPU = Release|Any CPU
	EndGlobalSection
	GlobalSection(ProjectConfigurationPlatforms) = postSolution
		{D9D68A08-228A-42D4-A9A2-25AEAE00890C}.Debug|Any CPU.ActiveCfg = Debug|Any CPU
		{D9D68A08-228A-42D4-A9A2-25AEAE00890C}.Debug|Any CPU.Build.0 = Debug|Any CPU
		{D9D68A08-228A-42D4-A9A2-25AEAE00890C}.Release|Any CPU.ActiveCfg = Release|Any CPU
		{D9D68A08-228A-42D4-A9A2-25AEAE00890C}.Release|Any CPU.Build.0 = Release|Any CPU
		{EE57C998-3010-456E-91AE-064FB9CDE88E}.Debug|Any CPU.ActiveCfg = Debug|Any CPU
		{EE57C998-3010-456E-91AE-064FB9CDE88E}.Debug|Any CPU.Build.0 = Debug|Any CPU
		{EE57C998-3010-456E-91AE-064FB9CDE88E}.Release|Any CPU.ActiveCfg = Release|Any CPU
		{EE57C998-3010-456E-91AE-064FB9CDE88E}.Release|Any CPU.Build.0 = Release|Any CPU
	EndGlobalSection
EndGlobal
